// !$*UTF8*$!
{
	archiveVersion = 1;
	classes = {
	};
	objectVersion = 77;
	objects = {

/* Begin PBXBuildFile section */
		1F9DDB262CA6E06E001BB6BF /* Post.swift in Sources */ = {isa = PBXBuildFile; fileRef = 1F9DDB252CA6E06E001BB6BF /* Post.swift */; };
		1F9DDB282CA71CEF001BB6BF /* VKLoadingView.swift in Sources */ = {isa = PBXBuildFile; fileRef = 1F9DDB272CA71CEF001BB6BF /* VKLoadingView.swift */; };
		1F9DDB2B2CA7DD53001BB6BF /* Kingfisher in Frameworks */ = {isa = PBXBuildFile; productRef = 1F9DDB2A2CA7DD53001BB6BF /* Kingfisher */; };
		1F9DDB2D2CA7DD9F001BB6BF /* UIImageView+Ext.swift in Sources */ = {isa = PBXBuildFile; fileRef = 1F9DDB2C2CA7DD9F001BB6BF /* UIImageView+Ext.swift */; };
		1F9DDB2F2CA7E1C7001BB6BF /* Date+Ext.swift in Sources */ = {isa = PBXBuildFile; fileRef = 1F9DDB2E2CA7E1C7001BB6BF /* Date+Ext.swift */; };
		1F9DDB312CA7E580001BB6BF /* VKEmptyStateView.swift in Sources */ = {isa = PBXBuildFile; fileRef = 1F9DDB302CA7E580001BB6BF /* VKEmptyStateView.swift */; };
		1F9DDB552CA9922C001BB6BF /* PostLikeView.swift in Sources */ = {isa = PBXBuildFile; fileRef = 1F9DDB542CA9922C001BB6BF /* PostLikeView.swift */; };
		1F9DDB572CABC8F0001BB6BF /* VKButton.swift in Sources */ = {isa = PBXBuildFile; fileRef = 1F9DDB562CABC8F0001BB6BF /* VKButton.swift */; };
		1F9DDB592CAE734A001BB6BF /* AuthenticationHelper.swift in Sources */ = {isa = PBXBuildFile; fileRef = 1F9DDB582CAE734A001BB6BF /* AuthenticationHelper.swift */; };
		1F9DDB5C2CAE8A77001BB6BF /* URL+ext.swift in Sources */ = {isa = PBXBuildFile; fileRef = 1F9DDB5B2CAE8A77001BB6BF /* URL+ext.swift */; };
		1F9DDB5F2CAEC41D001BB6BF /* Authentication.swift in Sources */ = {isa = PBXBuildFile; fileRef = 1F9DDB5E2CAEC41D001BB6BF /* Authentication.swift */; };
		1F9DDB632CB15490001BB6BF /* UserRepository.swift in Sources */ = {isa = PBXBuildFile; fileRef = 1F9DDB622CB15490001BB6BF /* UserRepository.swift */; };
		1F9DDB652CB154D6001BB6BF /* UserRepositoryImpl.swift in Sources */ = {isa = PBXBuildFile; fileRef = 1F9DDB642CB154D6001BB6BF /* UserRepositoryImpl.swift */; };
		1F9DDB672CB15685001BB6BF /* UserDefaultsService.swift in Sources */ = {isa = PBXBuildFile; fileRef = 1F9DDB662CB15685001BB6BF /* UserDefaultsService.swift */; };
		1F9DDB692CB156B2001BB6BF /* UserDefaultsKeys.swift in Sources */ = {isa = PBXBuildFile; fileRef = 1F9DDB682CB156B2001BB6BF /* UserDefaultsKeys.swift */; };
		1F9DDB6B2CB157BF001BB6BF /* UserStorage.swift in Sources */ = {isa = PBXBuildFile; fileRef = 1F9DDB6A2CB157BF001BB6BF /* UserStorage.swift */; };
		1F9DDB6D2CB158F5001BB6BF /* UserUseCase.swift in Sources */ = {isa = PBXBuildFile; fileRef = 1F9DDB6C2CB158F5001BB6BF /* UserUseCase.swift */; };
		1F9DDB712CB2C79A001BB6BF /* TokenRepository.swift in Sources */ = {isa = PBXBuildFile; fileRef = 1F9DDB702CB2C79A001BB6BF /* TokenRepository.swift */; };
		1F9DDB732CB2C816001BB6BF /* TokenRepositoryImpl.swift in Sources */ = {isa = PBXBuildFile; fileRef = 1F9DDB722CB2C816001BB6BF /* TokenRepositoryImpl.swift */; };
		1F9DDB762CB3D03B001BB6BF /* TokenManager.swift in Sources */ = {isa = PBXBuildFile; fileRef = 1F9DDB752CB3D03B001BB6BF /* TokenManager.swift */; };
		1FF9658A2CA3F7B6004D752E /* Assets.xcassets in Resources */ = {isa = PBXBuildFile; fileRef = 1FF965832CA3F7B6004D752E /* Assets.xcassets */; };
		1FF9658C2CA3F7B6004D752E /* LaunchScreen.storyboard in Resources */ = {isa = PBXBuildFile; fileRef = 1FF965862CA3F7B6004D752E /* LaunchScreen.storyboard */; };
		1FF9658D2CA3F7B6004D752E /* AppDelegate.swift in Sources */ = {isa = PBXBuildFile; fileRef = 1FF965822CA3F7B6004D752E /* AppDelegate.swift */; };
		1FF9658E2CA3F7B6004D752E /* SceneDelegate.swift in Sources */ = {isa = PBXBuildFile; fileRef = 1FF965872CA3F7B6004D752E /* SceneDelegate.swift */; };
		1FF965A42CA3FD62004D752E /* LoginViewModel.swift in Sources */ = {isa = PBXBuildFile; fileRef = 1FF965A32CA3FD62004D752E /* LoginViewModel.swift */; };
		1FF965A62CA3FD6E004D752E /* LoginViewController.swift in Sources */ = {isa = PBXBuildFile; fileRef = 1FF965A52CA3FD6E004D752E /* LoginViewController.swift */; };
		1FF965A82CA3FD81004D752E /* AuthenticationUseCase.swift in Sources */ = {isa = PBXBuildFile; fileRef = 1FF965A72CA3FD81004D752E /* AuthenticationUseCase.swift */; };
		1FF965AA2CA3FDA9004D752E /* AuthenticationRepositoryImpl.swift in Sources */ = {isa = PBXBuildFile; fileRef = 1FF965A92CA3FDA9004D752E /* AuthenticationRepositoryImpl.swift */; };
		1FF965AC2CA3FDC6004D752E /* AuthenticationRepository.swift in Sources */ = {isa = PBXBuildFile; fileRef = 1FF965AB2CA3FDC6004D752E /* AuthenticationRepository.swift */; };
		1FF965AE2CA41C48004D752E /* LoginRouter.swift in Sources */ = {isa = PBXBuildFile; fileRef = 1FF965AD2CA41C48004D752E /* LoginRouter.swift */; };
		1FF965B22CA42242004D752E /* NewsFeed.swift in Sources */ = {isa = PBXBuildFile; fileRef = 1FF965B12CA42242004D752E /* NewsFeed.swift */; };
		1FF965B42CA42247004D752E /* User.swift in Sources */ = {isa = PBXBuildFile; fileRef = 1FF965B32CA42247004D752E /* User.swift */; };
		1FF965B62CA42291004D752E /* NewsFeedUseCase.swift in Sources */ = {isa = PBXBuildFile; fileRef = 1FF965B52CA42291004D752E /* NewsFeedUseCase.swift */; };
		1FF965B82CA4229D004D752E /* PostLikeUseCase.swift in Sources */ = {isa = PBXBuildFile; fileRef = 1FF965B72CA4229D004D752E /* PostLikeUseCase.swift */; };
		1FF965BA2CA422AB004D752E /* NewsFeedRepository.swift in Sources */ = {isa = PBXBuildFile; fileRef = 1FF965B92CA422AB004D752E /* NewsFeedRepository.swift */; };
		1FF965BC2CA422C4004D752E /* PostRepository.swift in Sources */ = {isa = PBXBuildFile; fileRef = 1FF965BB2CA422C4004D752E /* PostRepository.swift */; };
		1FF965BF2CA422E1004D752E /* API.swift in Sources */ = {isa = PBXBuildFile; fileRef = 1FF965BE2CA422E1004D752E /* API.swift */; };
		1FF965C12CA422ED004D752E /* APIService.swift in Sources */ = {isa = PBXBuildFile; fileRef = 1FF965C02CA422ED004D752E /* APIService.swift */; };
		1FF965C32CA4231D004D752E /* NewsFeedRepositoryImpl.swift in Sources */ = {isa = PBXBuildFile; fileRef = 1FF965C22CA4231D004D752E /* NewsFeedRepositoryImpl.swift */; };
		1FF965C52CA42327004D752E /* PostRepositoryImpl.swift in Sources */ = {isa = PBXBuildFile; fileRef = 1FF965C42CA42327004D752E /* PostRepositoryImpl.swift */; };
		1FF965C72CA4234B004D752E /* VKError.swift in Sources */ = {isa = PBXBuildFile; fileRef = 1FF965C62CA4234B004D752E /* VKError.swift */; };
		1FF965CA2CA425A8004D752E /* NewsFeedViewController.swift in Sources */ = {isa = PBXBuildFile; fileRef = 1FF965C92CA425A8004D752E /* NewsFeedViewController.swift */; };
		1FF965CC2CA425AF004D752E /* NewsFeedViewModel.swift in Sources */ = {isa = PBXBuildFile; fileRef = 1FF965CB2CA425AF004D752E /* NewsFeedViewModel.swift */; };
		1FF965CE2CA425B6004D752E /* NewsFeedRouter.swift in Sources */ = {isa = PBXBuildFile; fileRef = 1FF965CD2CA425B6004D752E /* NewsFeedRouter.swift */; };
		1FF965D02CA425BE004D752E /* PostDetailsViewController.swift in Sources */ = {isa = PBXBuildFile; fileRef = 1FF965CF2CA425BE004D752E /* PostDetailsViewController.swift */; };
		1FF965D22CA425C7004D752E /* PostDetailsViewModel.swift in Sources */ = {isa = PBXBuildFile; fileRef = 1FF965D12CA425C7004D752E /* PostDetailsViewModel.swift */; };
		1FF965D42CA425CE004D752E /* PostDetailsRouter.swift in Sources */ = {isa = PBXBuildFile; fileRef = 1FF965D32CA425CE004D752E /* PostDetailsRouter.swift */; };
		1FF965DA2CA42624004D752E /* SnapKit in Frameworks */ = {isa = PBXBuildFile; productRef = 1FF965D92CA42624004D752E /* SnapKit */; };
		1FF965E72CA558D3004D752E /* VKConfig.swift in Sources */ = {isa = PBXBuildFile; fileRef = 1FF965E62CA558D3004D752E /* VKConfig.swift */; };
		1FF965EA2CA560F8004D752E /* NewsFeedCollectionViewController.swift in Sources */ = {isa = PBXBuildFile; fileRef = 1FF965E92CA560F8004D752E /* NewsFeedCollectionViewController.swift */; };
		1FF965ED2CA561AA004D752E /* PostCell.swift in Sources */ = {isa = PBXBuildFile; fileRef = 1FF965EC2CA561AA004D752E /* PostCell.swift */; };
		1FF965EF2CA562D9004D752E /* GlobalConstants.swift in Sources */ = {isa = PBXBuildFile; fileRef = 1FF965EE2CA562D9004D752E /* GlobalConstants.swift */; };
		1FF965F12CA56449004D752E /* UICollectionView+Ext.swift in Sources */ = {isa = PBXBuildFile; fileRef = 1FF965F02CA56449004D752E /* UICollectionView+Ext.swift */; };
		1FF965F32CA57C00004D752E /* UIView+Ext.swift in Sources */ = {isa = PBXBuildFile; fileRef = 1FF965F22CA57C00004D752E /* UIView+Ext.swift */; };
		1FF965F52CA57C80004D752E /* UIFont+Ext.swift in Sources */ = {isa = PBXBuildFile; fileRef = 1FF965F42CA57C80004D752E /* UIFont+Ext.swift */; };
		1FF965F72CA57CD1004D752E /* VKLabel.swift in Sources */ = {isa = PBXBuildFile; fileRef = 1FF965F62CA57CD1004D752E /* VKLabel.swift */; };
		1FF965F92CA57CFB004D752E /* VKImageView.swift in Sources */ = {isa = PBXBuildFile; fileRef = 1FF965F82CA57CFB004D752E /* VKImageView.swift */; };
		1FF965FE2CA5B80A004D752E /* UIViewController.swift in Sources */ = {isa = PBXBuildFile; fileRef = 1FF965FD2CA5B80A004D752E /* UIViewController.swift */; };
		1FF966002CA5C5F4004D752E /* TokenStorage.swift in Sources */ = {isa = PBXBuildFile; fileRef = 1FF965FF2CA5C5F4004D752E /* TokenStorage.swift */; };
		1FF966022CA5C766004D752E /* KeychainKeys.swift in Sources */ = {isa = PBXBuildFile; fileRef = 1FF966012CA5C766004D752E /* KeychainKeys.swift */; };
		1FF966052CA5CD94004D752E /* KeychainService.swift in Sources */ = {isa = PBXBuildFile; fileRef = 1FF966042CA5CD94004D752E /* KeychainService.swift */; };
/* End PBXBuildFile section */

/* Begin PBXFileReference section */
		1F9DDB252CA6E06E001BB6BF /* Post.swift */ = {isa = PBXFileReference; lastKnownFileType = sourcecode.swift; path = Post.swift; sourceTree = "<group>"; };
		1F9DDB272CA71CEF001BB6BF /* VKLoadingView.swift */ = {isa = PBXFileReference; lastKnownFileType = sourcecode.swift; path = VKLoadingView.swift; sourceTree = "<group>"; };
		1F9DDB2C2CA7DD9F001BB6BF /* UIImageView+Ext.swift */ = {isa = PBXFileReference; lastKnownFileType = sourcecode.swift; path = "UIImageView+Ext.swift"; sourceTree = "<group>"; };
		1F9DDB2E2CA7E1C7001BB6BF /* Date+Ext.swift */ = {isa = PBXFileReference; lastKnownFileType = sourcecode.swift; path = "Date+Ext.swift"; sourceTree = "<group>"; };
		1F9DDB302CA7E580001BB6BF /* VKEmptyStateView.swift */ = {isa = PBXFileReference; lastKnownFileType = sourcecode.swift; path = VKEmptyStateView.swift; sourceTree = "<group>"; };
		1F9DDB542CA9922C001BB6BF /* PostLikeView.swift */ = {isa = PBXFileReference; lastKnownFileType = sourcecode.swift; path = PostLikeView.swift; sourceTree = "<group>"; };
		1F9DDB562CABC8F0001BB6BF /* VKButton.swift */ = {isa = PBXFileReference; lastKnownFileType = sourcecode.swift; path = VKButton.swift; sourceTree = "<group>"; };
		1F9DDB582CAE734A001BB6BF /* AuthenticationHelper.swift */ = {isa = PBXFileReference; lastKnownFileType = sourcecode.swift; path = AuthenticationHelper.swift; sourceTree = "<group>"; };
		1F9DDB5B2CAE8A77001BB6BF /* URL+ext.swift */ = {isa = PBXFileReference; lastKnownFileType = sourcecode.swift; path = "URL+ext.swift"; sourceTree = "<group>"; };
		1F9DDB5E2CAEC41D001BB6BF /* Authentication.swift */ = {isa = PBXFileReference; lastKnownFileType = sourcecode.swift; path = Authentication.swift; sourceTree = "<group>"; };
		1F9DDB622CB15490001BB6BF /* UserRepository.swift */ = {isa = PBXFileReference; lastKnownFileType = sourcecode.swift; path = UserRepository.swift; sourceTree = "<group>"; };
		1F9DDB642CB154D6001BB6BF /* UserRepositoryImpl.swift */ = {isa = PBXFileReference; lastKnownFileType = sourcecode.swift; path = UserRepositoryImpl.swift; sourceTree = "<group>"; };
		1F9DDB662CB15685001BB6BF /* UserDefaultsService.swift */ = {isa = PBXFileReference; lastKnownFileType = sourcecode.swift; path = UserDefaultsService.swift; sourceTree = "<group>"; };
		1F9DDB682CB156B2001BB6BF /* UserDefaultsKeys.swift */ = {isa = PBXFileReference; lastKnownFileType = sourcecode.swift; path = UserDefaultsKeys.swift; sourceTree = "<group>"; };
		1F9DDB6A2CB157BF001BB6BF /* UserStorage.swift */ = {isa = PBXFileReference; lastKnownFileType = sourcecode.swift; path = UserStorage.swift; sourceTree = "<group>"; };
		1F9DDB6C2CB158F5001BB6BF /* UserUseCase.swift */ = {isa = PBXFileReference; lastKnownFileType = sourcecode.swift; path = UserUseCase.swift; sourceTree = "<group>"; };
		1F9DDB702CB2C79A001BB6BF /* TokenRepository.swift */ = {isa = PBXFileReference; lastKnownFileType = sourcecode.swift; path = TokenRepository.swift; sourceTree = "<group>"; };
		1F9DDB722CB2C816001BB6BF /* TokenRepositoryImpl.swift */ = {isa = PBXFileReference; lastKnownFileType = sourcecode.swift; path = TokenRepositoryImpl.swift; sourceTree = "<group>"; };
		1F9DDB752CB3D03B001BB6BF /* TokenManager.swift */ = {isa = PBXFileReference; lastKnownFileType = sourcecode.swift; path = TokenManager.swift; sourceTree = "<group>"; };
		1FF9656A2CA3F637004D752E /* VKFeed.app */ = {isa = PBXFileReference; explicitFileType = wrapper.application; includeInIndex = 0; path = VKFeed.app; sourceTree = BUILT_PRODUCTS_DIR; };
		1FF965822CA3F7B6004D752E /* AppDelegate.swift */ = {isa = PBXFileReference; lastKnownFileType = sourcecode.swift; path = AppDelegate.swift; sourceTree = "<group>"; };
		1FF965832CA3F7B6004D752E /* Assets.xcassets */ = {isa = PBXFileReference; lastKnownFileType = folder.assetcatalog; path = Assets.xcassets; sourceTree = "<group>"; };
		1FF965842CA3F7B6004D752E /* Info.plist */ = {isa = PBXFileReference; lastKnownFileType = text.plist.xml; path = Info.plist; sourceTree = "<group>"; };
		1FF965852CA3F7B6004D752E /* Base */ = {isa = PBXFileReference; lastKnownFileType = file.storyboard; name = Base; path = Base.lproj/LaunchScreen.storyboard; sourceTree = "<group>"; };
		1FF965872CA3F7B6004D752E /* SceneDelegate.swift */ = {isa = PBXFileReference; lastKnownFileType = sourcecode.swift; path = SceneDelegate.swift; sourceTree = "<group>"; };
		1FF965A32CA3FD62004D752E /* LoginViewModel.swift */ = {isa = PBXFileReference; lastKnownFileType = sourcecode.swift; path = LoginViewModel.swift; sourceTree = "<group>"; };
		1FF965A52CA3FD6E004D752E /* LoginViewController.swift */ = {isa = PBXFileReference; lastKnownFileType = sourcecode.swift; path = LoginViewController.swift; sourceTree = "<group>"; };
		1FF965A72CA3FD81004D752E /* AuthenticationUseCase.swift */ = {isa = PBXFileReference; lastKnownFileType = sourcecode.swift; path = AuthenticationUseCase.swift; sourceTree = "<group>"; };
		1FF965A92CA3FDA9004D752E /* AuthenticationRepositoryImpl.swift */ = {isa = PBXFileReference; lastKnownFileType = sourcecode.swift; path = AuthenticationRepositoryImpl.swift; sourceTree = "<group>"; };
		1FF965AB2CA3FDC6004D752E /* AuthenticationRepository.swift */ = {isa = PBXFileReference; lastKnownFileType = sourcecode.swift; path = AuthenticationRepository.swift; sourceTree = "<group>"; };
		1FF965AD2CA41C48004D752E /* LoginRouter.swift */ = {isa = PBXFileReference; lastKnownFileType = sourcecode.swift; path = LoginRouter.swift; sourceTree = "<group>"; };
		1FF965B12CA42242004D752E /* NewsFeed.swift */ = {isa = PBXFileReference; lastKnownFileType = sourcecode.swift; path = NewsFeed.swift; sourceTree = "<group>"; };
		1FF965B32CA42247004D752E /* User.swift */ = {isa = PBXFileReference; lastKnownFileType = sourcecode.swift; path = User.swift; sourceTree = "<group>"; };
		1FF965B52CA42291004D752E /* NewsFeedUseCase.swift */ = {isa = PBXFileReference; lastKnownFileType = sourcecode.swift; path = NewsFeedUseCase.swift; sourceTree = "<group>"; };
		1FF965B72CA4229D004D752E /* PostLikeUseCase.swift */ = {isa = PBXFileReference; lastKnownFileType = sourcecode.swift; path = PostLikeUseCase.swift; sourceTree = "<group>"; };
		1FF965B92CA422AB004D752E /* NewsFeedRepository.swift */ = {isa = PBXFileReference; lastKnownFileType = sourcecode.swift; path = NewsFeedRepository.swift; sourceTree = "<group>"; };
		1FF965BB2CA422C4004D752E /* PostRepository.swift */ = {isa = PBXFileReference; lastKnownFileType = sourcecode.swift; path = PostRepository.swift; sourceTree = "<group>"; };
		1FF965BE2CA422E1004D752E /* API.swift */ = {isa = PBXFileReference; lastKnownFileType = sourcecode.swift; path = API.swift; sourceTree = "<group>"; };
		1FF965C02CA422ED004D752E /* APIService.swift */ = {isa = PBXFileReference; lastKnownFileType = sourcecode.swift; path = APIService.swift; sourceTree = "<group>"; };
		1FF965C22CA4231D004D752E /* NewsFeedRepositoryImpl.swift */ = {isa = PBXFileReference; lastKnownFileType = sourcecode.swift; path = NewsFeedRepositoryImpl.swift; sourceTree = "<group>"; };
		1FF965C42CA42327004D752E /* PostRepositoryImpl.swift */ = {isa = PBXFileReference; lastKnownFileType = sourcecode.swift; path = PostRepositoryImpl.swift; sourceTree = "<group>"; };
		1FF965C62CA4234B004D752E /* VKError.swift */ = {isa = PBXFileReference; lastKnownFileType = sourcecode.swift; path = VKError.swift; sourceTree = "<group>"; };
		1FF965C92CA425A8004D752E /* NewsFeedViewController.swift */ = {isa = PBXFileReference; lastKnownFileType = sourcecode.swift; path = NewsFeedViewController.swift; sourceTree = "<group>"; };
		1FF965CB2CA425AF004D752E /* NewsFeedViewModel.swift */ = {isa = PBXFileReference; lastKnownFileType = sourcecode.swift; path = NewsFeedViewModel.swift; sourceTree = "<group>"; };
		1FF965CD2CA425B6004D752E /* NewsFeedRouter.swift */ = {isa = PBXFileReference; lastKnownFileType = sourcecode.swift; path = NewsFeedRouter.swift; sourceTree = "<group>"; };
		1FF965CF2CA425BE004D752E /* PostDetailsViewController.swift */ = {isa = PBXFileReference; lastKnownFileType = sourcecode.swift; path = PostDetailsViewController.swift; sourceTree = "<group>"; };
		1FF965D12CA425C7004D752E /* PostDetailsViewModel.swift */ = {isa = PBXFileReference; lastKnownFileType = sourcecode.swift; path = PostDetailsViewModel.swift; sourceTree = "<group>"; };
		1FF965D32CA425CE004D752E /* PostDetailsRouter.swift */ = {isa = PBXFileReference; lastKnownFileType = sourcecode.swift; path = PostDetailsRouter.swift; sourceTree = "<group>"; };
		1FF965E62CA558D3004D752E /* VKConfig.swift */ = {isa = PBXFileReference; lastKnownFileType = sourcecode.swift; path = VKConfig.swift; sourceTree = "<group>"; };
		1FF965E92CA560F8004D752E /* NewsFeedCollectionViewController.swift */ = {isa = PBXFileReference; lastKnownFileType = sourcecode.swift; path = NewsFeedCollectionViewController.swift; sourceTree = "<group>"; };
		1FF965EC2CA561AA004D752E /* PostCell.swift */ = {isa = PBXFileReference; lastKnownFileType = sourcecode.swift; path = PostCell.swift; sourceTree = "<group>"; };
		1FF965EE2CA562D9004D752E /* GlobalConstants.swift */ = {isa = PBXFileReference; lastKnownFileType = sourcecode.swift; path = GlobalConstants.swift; sourceTree = "<group>"; };
		1FF965F02CA56449004D752E /* UICollectionView+Ext.swift */ = {isa = PBXFileReference; lastKnownFileType = sourcecode.swift; path = "UICollectionView+Ext.swift"; sourceTree = "<group>"; };
		1FF965F22CA57C00004D752E /* UIView+Ext.swift */ = {isa = PBXFileReference; lastKnownFileType = sourcecode.swift; path = "UIView+Ext.swift"; sourceTree = "<group>"; };
		1FF965F42CA57C80004D752E /* UIFont+Ext.swift */ = {isa = PBXFileReference; lastKnownFileType = sourcecode.swift; path = "UIFont+Ext.swift"; sourceTree = "<group>"; };
		1FF965F62CA57CD1004D752E /* VKLabel.swift */ = {isa = PBXFileReference; lastKnownFileType = sourcecode.swift; path = VKLabel.swift; sourceTree = "<group>"; };
		1FF965F82CA57CFB004D752E /* VKImageView.swift */ = {isa = PBXFileReference; lastKnownFileType = sourcecode.swift; path = VKImageView.swift; sourceTree = "<group>"; };
		1FF965FD2CA5B80A004D752E /* UIViewController.swift */ = {isa = PBXFileReference; lastKnownFileType = sourcecode.swift; path = UIViewController.swift; sourceTree = "<group>"; };
		1FF965FF2CA5C5F4004D752E /* TokenStorage.swift */ = {isa = PBXFileReference; lastKnownFileType = sourcecode.swift; path = TokenStorage.swift; sourceTree = "<group>"; };
		1FF966012CA5C766004D752E /* KeychainKeys.swift */ = {isa = PBXFileReference; lastKnownFileType = sourcecode.swift; path = KeychainKeys.swift; sourceTree = "<group>"; };
		1FF966042CA5CD94004D752E /* KeychainService.swift */ = {isa = PBXFileReference; lastKnownFileType = sourcecode.swift; path = KeychainService.swift; sourceTree = "<group>"; };
/* End PBXFileReference section */

/* Begin PBXFrameworksBuildPhase section */
		1FF965672CA3F637004D752E /* Frameworks */ = {
			isa = PBXFrameworksBuildPhase;
			buildActionMask = 2147483647;
			files = (
				1F9DDB2B2CA7DD53001BB6BF /* Kingfisher in Frameworks */,
				1FF965DA2CA42624004D752E /* SnapKit in Frameworks */,
			);
			runOnlyForDeploymentPostprocessing = 0;
		};
/* End PBXFrameworksBuildPhase section */

/* Begin PBXGroup section */
		1F9DDB532CA9921F001BB6BF /* Views */ = {
			isa = PBXGroup;
			children = (
				1F9DDB542CA9922C001BB6BF /* PostLikeView.swift */,
			);
			path = Views;
			sourceTree = "<group>";
		};
		1F9DDB5A2CAE73A2001BB6BF /* Constants */ = {
			isa = PBXGroup;
			children = (
				1FF965EE2CA562D9004D752E /* GlobalConstants.swift */,
				1F9DDB682CB156B2001BB6BF /* UserDefaultsKeys.swift */,
				1FF966012CA5C766004D752E /* KeychainKeys.swift */,
			);
			path = Constants;
			sourceTree = "<group>";
		};
		1F9DDB742CB3D028001BB6BF /* Managers */ = {
			isa = PBXGroup;
			children = (
				1F9DDB752CB3D03B001BB6BF /* TokenManager.swift */,
			);
			path = Managers;
			sourceTree = "<group>";
		};
		1FF965612CA3F637004D752E = {
			isa = PBXGroup;
			children = (
				1FF965892CA3F7B6004D752E /* VKFeed */,
				1FF9656B2CA3F637004D752E /* Products */,
			);
			sourceTree = "<group>";
		};
		1FF9656B2CA3F637004D752E /* Products */ = {
			isa = PBXGroup;
			children = (
				1FF9656A2CA3F637004D752E /* VKFeed.app */,
			);
			name = Products;
			sourceTree = "<group>";
		};
		1FF965892CA3F7B6004D752E /* VKFeed */ = {
			isa = PBXGroup;
			children = (
				1FF965902CA3F7B9004D752E /* App */,
				1FF965982CA3F849004D752E /* Presentation */,
				1FF965972CA3F845004D752E /* Domain */,
				1FF965962CA3F831004D752E /* Data */,
				1FF965C82CA423BC004D752E /* CustomViews */,
				1FF965922CA3F7CC004D752E /* Utils */,
				1FF965912CA3F7BE004D752E /* Resources */,
			);
			path = VKFeed;
			sourceTree = "<group>";
		};
		1FF965902CA3F7B9004D752E /* App */ = {
			isa = PBXGroup;
			children = (
				1FF965822CA3F7B6004D752E /* AppDelegate.swift */,
				1FF965872CA3F7B6004D752E /* SceneDelegate.swift */,
				1FF965992CA3F8BB004D752E /* Support */,
			);
			path = App;
			sourceTree = "<group>";
		};
		1FF965912CA3F7BE004D752E /* Resources */ = {
			isa = PBXGroup;
			children = (
				1FF965832CA3F7B6004D752E /* Assets.xcassets */,
				1FF965862CA3F7B6004D752E /* LaunchScreen.storyboard */,
			);
			path = Resources;
			sourceTree = "<group>";
		};
		1FF965922CA3F7CC004D752E /* Utils */ = {
			isa = PBXGroup;
			children = (
				1FF965952CA3F820004D752E /* Errors */,
				1FF965942CA3F80A004D752E /* Extensions */,
				1FF965932CA3F806004D752E /* Helpers */,
			);
			path = Utils;
			sourceTree = "<group>";
		};
		1FF965932CA3F806004D752E /* Helpers */ = {
			isa = PBXGroup;
			children = (
				1F9DDB582CAE734A001BB6BF /* AuthenticationHelper.swift */,
				1F9DDB5A2CAE73A2001BB6BF /* Constants */,
			);
			path = Helpers;
			sourceTree = "<group>";
		};
		1FF965942CA3F80A004D752E /* Extensions */ = {
			isa = PBXGroup;
			children = (
				1FF965FD2CA5B80A004D752E /* UIViewController.swift */,
				1FF965F22CA57C00004D752E /* UIView+Ext.swift */,
				1F9DDB2C2CA7DD9F001BB6BF /* UIImageView+Ext.swift */,
				1FF965F02CA56449004D752E /* UICollectionView+Ext.swift */,
				1FF965F42CA57C80004D752E /* UIFont+Ext.swift */,
				1F9DDB2E2CA7E1C7001BB6BF /* Date+Ext.swift */,
				1F9DDB5B2CAE8A77001BB6BF /* URL+ext.swift */,
			);
			path = Extensions;
			sourceTree = "<group>";
		};
		1FF965952CA3F820004D752E /* Errors */ = {
			isa = PBXGroup;
			children = (
				1FF965C62CA4234B004D752E /* VKError.swift */,
			);
			path = Errors;
			sourceTree = "<group>";
		};
		1FF965962CA3F831004D752E /* Data */ = {
			isa = PBXGroup;
			children = (
				1FF965A22CA3F99C004D752E /* Network */,
				1FF965A12CA3F990004D752E /* Storages */,
				1FF966032CA5CD86004D752E /* Services */,
				1F9DDB742CB3D028001BB6BF /* Managers */,
				1FF965A02CA3F979004D752E /* Repositories */,
			);
			path = Data;
			sourceTree = "<group>";
		};
		1FF965972CA3F845004D752E /* Domain */ = {
			isa = PBXGroup;
			children = (
				1FF9659C2CA3F93D004D752E /* Entities */,
				1FF9659B2CA3F938004D752E /* UseCases */,
				1FF9659A2CA3F933004D752E /* Repositories */,
			);
			path = Domain;
			sourceTree = "<group>";
		};
		1FF965982CA3F849004D752E /* Presentation */ = {
			isa = PBXGroup;
			children = (
				1FF9659D2CA3F94F004D752E /* Login */,
				1FF9659E2CA3F957004D752E /* NewsFeed */,
				1FF9659F2CA3F962004D752E /* PostDetails */,
			);
			path = Presentation;
			sourceTree = "<group>";
		};
		1FF965992CA3F8BB004D752E /* Support */ = {
			isa = PBXGroup;
			children = (
				1FF965842CA3F7B6004D752E /* Info.plist */,
				1FF965E82CA55B21004D752E /* Configurations */,
			);
			path = Support;
			sourceTree = "<group>";
		};
		1FF9659A2CA3F933004D752E /* Repositories */ = {
			isa = PBXGroup;
			children = (
				1FF965AB2CA3FDC6004D752E /* AuthenticationRepository.swift */,
				1F9DDB702CB2C79A001BB6BF /* TokenRepository.swift */,
				1F9DDB622CB15490001BB6BF /* UserRepository.swift */,
				1FF965B92CA422AB004D752E /* NewsFeedRepository.swift */,
				1FF965BB2CA422C4004D752E /* PostRepository.swift */,
			);
			path = Repositories;
			sourceTree = "<group>";
		};
		1FF9659B2CA3F938004D752E /* UseCases */ = {
			isa = PBXGroup;
			children = (
				1FF965A72CA3FD81004D752E /* AuthenticationUseCase.swift */,
				1F9DDB6C2CB158F5001BB6BF /* UserUseCase.swift */,
				1FF965B52CA42291004D752E /* NewsFeedUseCase.swift */,
				1FF965B72CA4229D004D752E /* PostLikeUseCase.swift */,
			);
			path = UseCases;
			sourceTree = "<group>";
		};
		1FF9659C2CA3F93D004D752E /* Entities */ = {
			isa = PBXGroup;
			children = (
				1F9DDB5E2CAEC41D001BB6BF /* Authentication.swift */,
				1FF965B32CA42247004D752E /* User.swift */,
				1FF965B12CA42242004D752E /* NewsFeed.swift */,
				1F9DDB252CA6E06E001BB6BF /* Post.swift */,
			);
			path = Entities;
			sourceTree = "<group>";
		};
		1FF9659D2CA3F94F004D752E /* Login */ = {
			isa = PBXGroup;
			children = (
				1FF965A52CA3FD6E004D752E /* LoginViewController.swift */,
				1FF965A32CA3FD62004D752E /* LoginViewModel.swift */,
				1FF965AD2CA41C48004D752E /* LoginRouter.swift */,
			);
			path = Login;
			sourceTree = "<group>";
		};
		1FF9659E2CA3F957004D752E /* NewsFeed */ = {
			isa = PBXGroup;
			children = (
				1FF965EB2CA56182004D752E /* Views */,
				1FF965C92CA425A8004D752E /* NewsFeedViewController.swift */,
				1FF965CB2CA425AF004D752E /* NewsFeedViewModel.swift */,
				1FF965CD2CA425B6004D752E /* NewsFeedRouter.swift */,
			);
			path = NewsFeed;
			sourceTree = "<group>";
		};
		1FF9659F2CA3F962004D752E /* PostDetails */ = {
			isa = PBXGroup;
			children = (
				1F9DDB532CA9921F001BB6BF /* Views */,
				1FF965CF2CA425BE004D752E /* PostDetailsViewController.swift */,
				1FF965D12CA425C7004D752E /* PostDetailsViewModel.swift */,
				1FF965D32CA425CE004D752E /* PostDetailsRouter.swift */,
			);
			path = PostDetails;
			sourceTree = "<group>";
		};
		1FF965A02CA3F979004D752E /* Repositories */ = {
			isa = PBXGroup;
			children = (
				1FF965A92CA3FDA9004D752E /* AuthenticationRepositoryImpl.swift */,
				1F9DDB722CB2C816001BB6BF /* TokenRepositoryImpl.swift */,
				1F9DDB642CB154D6001BB6BF /* UserRepositoryImpl.swift */,
				1FF965C22CA4231D004D752E /* NewsFeedRepositoryImpl.swift */,
				1FF965C42CA42327004D752E /* PostRepositoryImpl.swift */,
			);
			path = Repositories;
			sourceTree = "<group>";
		};
		1FF965A12CA3F990004D752E /* Storages */ = {
			isa = PBXGroup;
			children = (
				1F9DDB6A2CB157BF001BB6BF /* UserStorage.swift */,
				1FF965FF2CA5C5F4004D752E /* TokenStorage.swift */,
			);
			path = Storages;
			sourceTree = "<group>";
		};
		1FF965A22CA3F99C004D752E /* Network */ = {
			isa = PBXGroup;
			children = (
				1FF965BD2CA422CC004D752E /* API */,
			);
			path = Network;
			sourceTree = "<group>";
		};
		1FF965BD2CA422CC004D752E /* API */ = {
			isa = PBXGroup;
			children = (
				1FF965BE2CA422E1004D752E /* API.swift */,
				1FF965C02CA422ED004D752E /* APIService.swift */,
			);
			path = API;
			sourceTree = "<group>";
		};
		1FF965C82CA423BC004D752E /* CustomViews */ = {
			isa = PBXGroup;
			children = (
				1FF965F62CA57CD1004D752E /* VKLabel.swift */,
				1F9DDB562CABC8F0001BB6BF /* VKButton.swift */,
				1FF965F82CA57CFB004D752E /* VKImageView.swift */,
				1F9DDB272CA71CEF001BB6BF /* VKLoadingView.swift */,
				1F9DDB302CA7E580001BB6BF /* VKEmptyStateView.swift */,
			);
			path = CustomViews;
			sourceTree = "<group>";
		};
		1FF965E82CA55B21004D752E /* Configurations */ = {
			isa = PBXGroup;
			children = (
				1FF965E62CA558D3004D752E /* VKConfig.swift */,
			);
			path = Configurations;
			sourceTree = "<group>";
		};
		1FF965EB2CA56182004D752E /* Views */ = {
			isa = PBXGroup;
			children = (
				1FF965E92CA560F8004D752E /* NewsFeedCollectionViewController.swift */,
				1FF965EC2CA561AA004D752E /* PostCell.swift */,
			);
			path = Views;
			sourceTree = "<group>";
		};
		1FF966032CA5CD86004D752E /* Services */ = {
			isa = PBXGroup;
			children = (
				1F9DDB662CB15685001BB6BF /* UserDefaultsService.swift */,
				1FF966042CA5CD94004D752E /* KeychainService.swift */,
			);
			path = Services;
			sourceTree = "<group>";
		};
/* End PBXGroup section */

/* Begin PBXNativeTarget section */
		1FF965692CA3F637004D752E /* VKFeed */ = {
			isa = PBXNativeTarget;
			buildConfigurationList = 1FF9657D2CA3F639004D752E /* Build configuration list for PBXNativeTarget "VKFeed" */;
			buildPhases = (
				1FF965662CA3F637004D752E /* Sources */,
				1FF965672CA3F637004D752E /* Frameworks */,
				1FF965682CA3F637004D752E /* Resources */,
			);
			buildRules = (
			);
			dependencies = (
			);
			name = VKFeed;
			packageProductDependencies = (
				1FF965D92CA42624004D752E /* SnapKit */,
				1F9DDB2A2CA7DD53001BB6BF /* Kingfisher */,
			);
			productName = VKFeed;
			productReference = 1FF9656A2CA3F637004D752E /* VKFeed.app */;
			productType = "com.apple.product-type.application";
		};
/* End PBXNativeTarget section */

/* Begin PBXProject section */
		1FF965622CA3F637004D752E /* Project object */ = {
			isa = PBXProject;
			attributes = {
				BuildIndependentTargetsInParallel = 1;
				LastSwiftUpdateCheck = 1600;
				LastUpgradeCheck = 1600;
				TargetAttributes = {
					1FF965692CA3F637004D752E = {
						CreatedOnToolsVersion = 16.0;
					};
				};
			};
			buildConfigurationList = 1FF965652CA3F637004D752E /* Build configuration list for PBXProject "VKFeed" */;
			developmentRegion = en;
			hasScannedForEncodings = 0;
			knownRegions = (
				en,
				Base,
			);
			mainGroup = 1FF965612CA3F637004D752E;
			minimizedProjectReferenceProxies = 1;
			packageReferences = (
				1FF965D82CA42624004D752E /* XCRemoteSwiftPackageReference "SnapKit" */,
				1F9DDB292CA7DD53001BB6BF /* XCRemoteSwiftPackageReference "Kingfisher" */,
			);
			preferredProjectObjectVersion = 77;
			productRefGroup = 1FF9656B2CA3F637004D752E /* Products */;
			projectDirPath = "";
			projectRoot = "";
			targets = (
				1FF965692CA3F637004D752E /* VKFeed */,
			);
		};
/* End PBXProject section */

/* Begin PBXResourcesBuildPhase section */
		1FF965682CA3F637004D752E /* Resources */ = {
			isa = PBXResourcesBuildPhase;
			buildActionMask = 2147483647;
			files = (
				1FF9658A2CA3F7B6004D752E /* Assets.xcassets in Resources */,
				1FF9658C2CA3F7B6004D752E /* LaunchScreen.storyboard in Resources */,
			);
			runOnlyForDeploymentPostprocessing = 0;
		};
/* End PBXResourcesBuildPhase section */

/* Begin PBXSourcesBuildPhase section */
		1FF965662CA3F637004D752E /* Sources */ = {
			isa = PBXSourcesBuildPhase;
			buildActionMask = 2147483647;
			files = (
				1FF965F32CA57C00004D752E /* UIView+Ext.swift in Sources */,
				1FF965C12CA422ED004D752E /* APIService.swift in Sources */,
				1FF965FE2CA5B80A004D752E /* UIViewController.swift in Sources */,
				1FF966002CA5C5F4004D752E /* TokenStorage.swift in Sources */,
				1FF965A62CA3FD6E004D752E /* LoginViewController.swift in Sources */,
				1FF965ED2CA561AA004D752E /* PostCell.swift in Sources */,
				1FF965B62CA42291004D752E /* NewsFeedUseCase.swift in Sources */,
				1FF9658D2CA3F7B6004D752E /* AppDelegate.swift in Sources */,
				1F9DDB762CB3D03B001BB6BF /* TokenManager.swift in Sources */,
				1FF965D22CA425C7004D752E /* PostDetailsViewModel.swift in Sources */,
				1F9DDB572CABC8F0001BB6BF /* VKButton.swift in Sources */,
				1FF965F72CA57CD1004D752E /* VKLabel.swift in Sources */,
				1FF9658E2CA3F7B6004D752E /* SceneDelegate.swift in Sources */,
				1F9DDB672CB15685001BB6BF /* UserDefaultsService.swift in Sources */,
				1FF965AC2CA3FDC6004D752E /* AuthenticationRepository.swift in Sources */,
				1FF965A42CA3FD62004D752E /* LoginViewModel.swift in Sources */,
				1FF966052CA5CD94004D752E /* KeychainService.swift in Sources */,
				1F9DDB712CB2C79A001BB6BF /* TokenRepository.swift in Sources */,
				1FF965A82CA3FD81004D752E /* AuthenticationUseCase.swift in Sources */,
				1F9DDB2D2CA7DD9F001BB6BF /* UIImageView+Ext.swift in Sources */,
				1FF965C72CA4234B004D752E /* VKError.swift in Sources */,
				1F9DDB312CA7E580001BB6BF /* VKEmptyStateView.swift in Sources */,
				1FF965B82CA4229D004D752E /* PostLikeUseCase.swift in Sources */,
				1FF965BC2CA422C4004D752E /* PostRepository.swift in Sources */,
				1FF965BA2CA422AB004D752E /* NewsFeedRepository.swift in Sources */,
				1FF966022CA5C766004D752E /* KeychainKeys.swift in Sources */,
				1F9DDB282CA71CEF001BB6BF /* VKLoadingView.swift in Sources */,
				1FF965AE2CA41C48004D752E /* LoginRouter.swift in Sources */,
				1FF965AA2CA3FDA9004D752E /* AuthenticationRepositoryImpl.swift in Sources */,
				1F9DDB732CB2C816001BB6BF /* TokenRepositoryImpl.swift in Sources */,
				1FF965E72CA558D3004D752E /* VKConfig.swift in Sources */,
				1FF965EA2CA560F8004D752E /* NewsFeedCollectionViewController.swift in Sources */,
				1F9DDB632CB15490001BB6BF /* UserRepository.swift in Sources */,
				1FF965CC2CA425AF004D752E /* NewsFeedViewModel.swift in Sources */,
				1FF965D42CA425CE004D752E /* PostDetailsRouter.swift in Sources */,
				1F9DDB6B2CB157BF001BB6BF /* UserStorage.swift in Sources */,
				1FF965C32CA4231D004D752E /* NewsFeedRepositoryImpl.swift in Sources */,
				1FF965F12CA56449004D752E /* UICollectionView+Ext.swift in Sources */,
				1F9DDB692CB156B2001BB6BF /* UserDefaultsKeys.swift in Sources */,
				1F9DDB552CA9922C001BB6BF /* PostLikeView.swift in Sources */,
				1FF965F52CA57C80004D752E /* UIFont+Ext.swift in Sources */,
				1FF965EF2CA562D9004D752E /* GlobalConstants.swift in Sources */,
				1F9DDB652CB154D6001BB6BF /* UserRepositoryImpl.swift in Sources */,
				1F9DDB262CA6E06E001BB6BF /* Post.swift in Sources */,
				1F9DDB2F2CA7E1C7001BB6BF /* Date+Ext.swift in Sources */,
				1FF965B22CA42242004D752E /* NewsFeed.swift in Sources */,
				1FF965BF2CA422E1004D752E /* API.swift in Sources */,
				1FF965C52CA42327004D752E /* PostRepositoryImpl.swift in Sources */,
				1F9DDB5C2CAE8A77001BB6BF /* URL+ext.swift in Sources */,
				1FF965CE2CA425B6004D752E /* NewsFeedRouter.swift in Sources */,
				1F9DDB592CAE734A001BB6BF /* AuthenticationHelper.swift in Sources */,
				1FF965D02CA425BE004D752E /* PostDetailsViewController.swift in Sources */,
				1FF965B42CA42247004D752E /* User.swift in Sources */,
				1F9DDB6D2CB158F5001BB6BF /* UserUseCase.swift in Sources */,
				1FF965F92CA57CFB004D752E /* VKImageView.swift in Sources */,
				1FF965CA2CA425A8004D752E /* NewsFeedViewController.swift in Sources */,
				1F9DDB5F2CAEC41D001BB6BF /* Authentication.swift in Sources */,
			);
			runOnlyForDeploymentPostprocessing = 0;
		};
/* End PBXSourcesBuildPhase section */

/* Begin PBXVariantGroup section */
		1FF965862CA3F7B6004D752E /* LaunchScreen.storyboard */ = {
			isa = PBXVariantGroup;
			children = (
				1FF965852CA3F7B6004D752E /* Base */,
			);
			name = LaunchScreen.storyboard;
			sourceTree = "<group>";
		};
/* End PBXVariantGroup section */

/* Begin XCBuildConfiguration section */
		1FF9657E2CA3F639004D752E /* Debug */ = {
			isa = XCBuildConfiguration;
			buildSettings = {
				ASSETCATALOG_COMPILER_APPICON_NAME = AppIcon;
				ASSETCATALOG_COMPILER_GLOBAL_ACCENT_COLOR_NAME = AccentColor;
				CODE_SIGN_ENTITLEMENTS = "";
				CODE_SIGN_STYLE = Automatic;
				CURRENT_PROJECT_VERSION = 1;
				DEVELOPMENT_TEAM = 7BA72396CU;
				GENERATE_INFOPLIST_FILE = YES;
				INFOPLIST_FILE = VKFeed/App/Support/Info.plist;
				INFOPLIST_KEY_CFBundleDisplayName = VKFeed;
				INFOPLIST_KEY_LSApplicationCategoryType = "public.app-category.social-networking";
				INFOPLIST_KEY_UIApplicationSupportsIndirectInputEvents = YES;
				INFOPLIST_KEY_UILaunchStoryboardName = LaunchScreen;
				INFOPLIST_KEY_UISupportedInterfaceOrientations = UIInterfaceOrientationPortrait;
				INFOPLIST_KEY_UISupportedInterfaceOrientations_iPad = "UIInterfaceOrientationLandscapeLeft UIInterfaceOrientationLandscapeRight UIInterfaceOrientationPortrait UIInterfaceOrientationPortraitUpsideDown";
				INFOPLIST_KEY_UIUserInterfaceStyle = Light;
				IPHONEOS_DEPLOYMENT_TARGET = 16.6;
				LD_RUNPATH_SEARCH_PATHS = (
					"$(inherited)",
					"@executable_path/Frameworks",
				);
				MARKETING_VERSION = 1.0.0;
				PRODUCT_BUNDLE_IDENTIFIER = com.nurbekios.vkfeed;
				PRODUCT_NAME = "$(TARGET_NAME)";
				SWIFT_EMIT_LOC_STRINGS = YES;
				SWIFT_VERSION = 5.0;
				TARGETED_DEVICE_FAMILY = "1,2";
			};
			name = Debug;
		};
		1FF9657F2CA3F639004D752E /* Release */ = {
			isa = XCBuildConfiguration;
			buildSettings = {
				ASSETCATALOG_COMPILER_APPICON_NAME = AppIcon;
				ASSETCATALOG_COMPILER_GLOBAL_ACCENT_COLOR_NAME = AccentColor;
				CODE_SIGN_ENTITLEMENTS = "";
				CODE_SIGN_STYLE = Automatic;
				CURRENT_PROJECT_VERSION = 1;
				DEVELOPMENT_TEAM = 7BA72396CU;
				GENERATE_INFOPLIST_FILE = YES;
				INFOPLIST_FILE = VKFeed/App/Support/Info.plist;
				INFOPLIST_KEY_CFBundleDisplayName = VKFeed;
				INFOPLIST_KEY_LSApplicationCategoryType = "public.app-category.social-networking";
				INFOPLIST_KEY_UIApplicationSupportsIndirectInputEvents = YES;
				INFOPLIST_KEY_UILaunchStoryboardName = LaunchScreen;
				INFOPLIST_KEY_UISupportedInterfaceOrientations = UIInterfaceOrientationPortrait;
				INFOPLIST_KEY_UISupportedInterfaceOrientations_iPad = "UIInterfaceOrientationLandscapeLeft UIInterfaceOrientationLandscapeRight UIInterfaceOrientationPortrait UIInterfaceOrientationPortraitUpsideDown";
				INFOPLIST_KEY_UIUserInterfaceStyle = Light;
				IPHONEOS_DEPLOYMENT_TARGET = 16.6;
				LD_RUNPATH_SEARCH_PATHS = (
					"$(inherited)",
					"@executable_path/Frameworks",
				);
				MARKETING_VERSION = 1.0.0;
				PRODUCT_BUNDLE_IDENTIFIER = com.nurbekios.vkfeed;
				PRODUCT_NAME = "$(TARGET_NAME)";
				SWIFT_EMIT_LOC_STRINGS = YES;
				SWIFT_VERSION = 5.0;
				TARGETED_DEVICE_FAMILY = "1,2";
			};
			name = Release;
		};
		1FF965802CA3F639004D752E /* Debug */ = {
			isa = XCBuildConfiguration;
			buildSettings = {
				ALWAYS_SEARCH_USER_PATHS = NO;
				ASSETCATALOG_COMPILER_GENERATE_SWIFT_ASSET_SYMBOL_EXTENSIONS = YES;
				CLANG_ANALYZER_NONNULL = YES;
				CLANG_ANALYZER_NUMBER_OBJECT_CONVERSION = YES_AGGRESSIVE;
				CLANG_CXX_LANGUAGE_STANDARD = "gnu++20";
				CLANG_ENABLE_MODULES = YES;
				CLANG_ENABLE_OBJC_ARC = YES;
				CLANG_ENABLE_OBJC_WEAK = YES;
				CLANG_WARN_BLOCK_CAPTURE_AUTORELEASING = YES;
				CLANG_WARN_BOOL_CONVERSION = YES;
				CLANG_WARN_COMMA = YES;
				CLANG_WARN_CONSTANT_CONVERSION = YES;
				CLANG_WARN_DEPRECATED_OBJC_IMPLEMENTATIONS = YES;
				CLANG_WARN_DIRECT_OBJC_ISA_USAGE = YES_ERROR;
				CLANG_WARN_DOCUMENTATION_COMMENTS = YES;
				CLANG_WARN_EMPTY_BODY = YES;
				CLANG_WARN_ENUM_CONVERSION = YES;
				CLANG_WARN_INFINITE_RECURSION = YES;
				CLANG_WARN_INT_CONVERSION = YES;
				CLANG_WARN_NON_LITERAL_NULL_CONVERSION = YES;
				CLANG_WARN_OBJC_IMPLICIT_RETAIN_SELF = YES;
				CLANG_WARN_OBJC_LITERAL_CONVERSION = YES;
				CLANG_WARN_OBJC_ROOT_CLASS = YES_ERROR;
				CLANG_WARN_QUOTED_INCLUDE_IN_FRAMEWORK_HEADER = YES;
				CLANG_WARN_RANGE_LOOP_ANALYSIS = YES;
				CLANG_WARN_STRICT_PROTOTYPES = YES;
				CLANG_WARN_SUSPICIOUS_MOVE = YES;
				CLANG_WARN_UNGUARDED_AVAILABILITY = YES_AGGRESSIVE;
				CLANG_WARN_UNREACHABLE_CODE = YES;
				CLANG_WARN__DUPLICATE_METHOD_MATCH = YES;
				COPY_PHASE_STRIP = NO;
				DEBUG_INFORMATION_FORMAT = dwarf;
				ENABLE_STRICT_OBJC_MSGSEND = YES;
				ENABLE_TESTABILITY = YES;
				ENABLE_USER_SCRIPT_SANDBOXING = YES;
				GCC_C_LANGUAGE_STANDARD = gnu17;
				GCC_DYNAMIC_NO_PIC = NO;
				GCC_NO_COMMON_BLOCKS = YES;
				GCC_OPTIMIZATION_LEVEL = 0;
				GCC_PREPROCESSOR_DEFINITIONS = (
					"DEBUG=1",
					"$(inherited)",
				);
				GCC_WARN_64_TO_32_BIT_CONVERSION = YES;
				GCC_WARN_ABOUT_RETURN_TYPE = YES_ERROR;
				GCC_WARN_UNDECLARED_SELECTOR = YES;
				GCC_WARN_UNINITIALIZED_AUTOS = YES_AGGRESSIVE;
				GCC_WARN_UNUSED_FUNCTION = YES;
				GCC_WARN_UNUSED_VARIABLE = YES;
				IPHONEOS_DEPLOYMENT_TARGET = 18.0;
				LOCALIZATION_PREFERS_STRING_CATALOGS = YES;
				MTL_ENABLE_DEBUG_INFO = INCLUDE_SOURCE;
				MTL_FAST_MATH = YES;
				ONLY_ACTIVE_ARCH = YES;
				SDKROOT = iphoneos;
				SWIFT_ACTIVE_COMPILATION_CONDITIONS = "DEBUG $(inherited)";
				SWIFT_OPTIMIZATION_LEVEL = "-Onone";
			};
			name = Debug;
		};
		1FF965812CA3F639004D752E /* Release */ = {
			isa = XCBuildConfiguration;
			buildSettings = {
				ALWAYS_SEARCH_USER_PATHS = NO;
				ASSETCATALOG_COMPILER_GENERATE_SWIFT_ASSET_SYMBOL_EXTENSIONS = YES;
				CLANG_ANALYZER_NONNULL = YES;
				CLANG_ANALYZER_NUMBER_OBJECT_CONVERSION = YES_AGGRESSIVE;
				CLANG_CXX_LANGUAGE_STANDARD = "gnu++20";
				CLANG_ENABLE_MODULES = YES;
				CLANG_ENABLE_OBJC_ARC = YES;
				CLANG_ENABLE_OBJC_WEAK = YES;
				CLANG_WARN_BLOCK_CAPTURE_AUTORELEASING = YES;
				CLANG_WARN_BOOL_CONVERSION = YES;
				CLANG_WARN_COMMA = YES;
				CLANG_WARN_CONSTANT_CONVERSION = YES;
				CLANG_WARN_DEPRECATED_OBJC_IMPLEMENTATIONS = YES;
				CLANG_WARN_DIRECT_OBJC_ISA_USAGE = YES_ERROR;
				CLANG_WARN_DOCUMENTATION_COMMENTS = YES;
				CLANG_WARN_EMPTY_BODY = YES;
				CLANG_WARN_ENUM_CONVERSION = YES;
				CLANG_WARN_INFINITE_RECURSION = YES;
				CLANG_WARN_INT_CONVERSION = YES;
				CLANG_WARN_NON_LITERAL_NULL_CONVERSION = YES;
				CLANG_WARN_OBJC_IMPLICIT_RETAIN_SELF = YES;
				CLANG_WARN_OBJC_LITERAL_CONVERSION = YES;
				CLANG_WARN_OBJC_ROOT_CLASS = YES_ERROR;
				CLANG_WARN_QUOTED_INCLUDE_IN_FRAMEWORK_HEADER = YES;
				CLANG_WARN_RANGE_LOOP_ANALYSIS = YES;
				CLANG_WARN_STRICT_PROTOTYPES = YES;
				CLANG_WARN_SUSPICIOUS_MOVE = YES;
				CLANG_WARN_UNGUARDED_AVAILABILITY = YES_AGGRESSIVE;
				CLANG_WARN_UNREACHABLE_CODE = YES;
				CLANG_WARN__DUPLICATE_METHOD_MATCH = YES;
				COPY_PHASE_STRIP = NO;
				DEBUG_INFORMATION_FORMAT = "dwarf-with-dsym";
				ENABLE_NS_ASSERTIONS = NO;
				ENABLE_STRICT_OBJC_MSGSEND = YES;
				ENABLE_USER_SCRIPT_SANDBOXING = YES;
				GCC_C_LANGUAGE_STANDARD = gnu17;
				GCC_NO_COMMON_BLOCKS = YES;
				GCC_WARN_64_TO_32_BIT_CONVERSION = YES;
				GCC_WARN_ABOUT_RETURN_TYPE = YES_ERROR;
				GCC_WARN_UNDECLARED_SELECTOR = YES;
				GCC_WARN_UNINITIALIZED_AUTOS = YES_AGGRESSIVE;
				GCC_WARN_UNUSED_FUNCTION = YES;
				GCC_WARN_UNUSED_VARIABLE = YES;
				IPHONEOS_DEPLOYMENT_TARGET = 18.0;
				LOCALIZATION_PREFERS_STRING_CATALOGS = YES;
				MTL_ENABLE_DEBUG_INFO = NO;
				MTL_FAST_MATH = YES;
				SDKROOT = iphoneos;
				SWIFT_COMPILATION_MODE = wholemodule;
				VALIDATE_PRODUCT = YES;
			};
			name = Release;
		};
/* End XCBuildConfiguration section */

/* Begin XCConfigurationList section */
		1FF965652CA3F637004D752E /* Build configuration list for PBXProject "VKFeed" */ = {
			isa = XCConfigurationList;
			buildConfigurations = (
				1FF965802CA3F639004D752E /* Debug */,
				1FF965812CA3F639004D752E /* Release */,
			);
			defaultConfigurationIsVisible = 0;
			defaultConfigurationName = Release;
		};
		1FF9657D2CA3F639004D752E /* Build configuration list for PBXNativeTarget "VKFeed" */ = {
			isa = XCConfigurationList;
			buildConfigurations = (
				1FF9657E2CA3F639004D752E /* Debug */,
				1FF9657F2CA3F639004D752E /* Release */,
			);
			defaultConfigurationIsVisible = 0;
			defaultConfigurationName = Release;
		};
/* End XCConfigurationList section */

/* Begin XCRemoteSwiftPackageReference section */
		1F9DDB292CA7DD53001BB6BF /* XCRemoteSwiftPackageReference "Kingfisher" */ = {
			isa = XCRemoteSwiftPackageReference;
			repositoryURL = "https://github.com/onevcat/Kingfisher.git";
			requirement = {
				kind = upToNextMajorVersion;
				minimumVersion = 8.0.3;
			};
		};
		1FF965D82CA42624004D752E /* XCRemoteSwiftPackageReference "SnapKit" */ = {
			isa = XCRemoteSwiftPackageReference;
			repositoryURL = "https://github.com/SnapKit/SnapKit";
			requirement = {
				kind = upToNextMajorVersion;
				minimumVersion = 5.7.1;
			};
		};
/* End XCRemoteSwiftPackageReference section */

/* Begin XCSwiftPackageProductDependency section */
		1F9DDB2A2CA7DD53001BB6BF /* Kingfisher */ = {
			isa = XCSwiftPackageProductDependency;
			package = 1F9DDB292CA7DD53001BB6BF /* XCRemoteSwiftPackageReference "Kingfisher" */;
			productName = Kingfisher;
		};
		1FF965D92CA42624004D752E /* SnapKit */ = {
			isa = XCSwiftPackageProductDependency;
			package = 1FF965D82CA42624004D752E /* XCRemoteSwiftPackageReference "SnapKit" */;
			productName = SnapKit;
		};
/* End XCSwiftPackageProductDependency section */
	};
	rootObject = 1FF965622CA3F637004D752E /* Project object */;
}
